// !$*UTF8*$!
{
	archiveVersion = 1;
	classes = {
	};
	objectVersion = 51;
	objects = {

/* Begin PBXBuildFile section */
		A6D19254960D1763F61150A3 /* Pods_Snacktacular.framework in Frameworks */ = {isa = PBXBuildFile; fileRef = 5739B9C3D446B853902C07C4 /* Pods_Snacktacular.framework */; };
		EC49CD60254F544600AFDCA3 /* AppDelegate.swift in Sources */ = {isa = PBXBuildFile; fileRef = EC49CD5F254F544600AFDCA3 /* AppDelegate.swift */; };
		EC49CD62254F544600AFDCA3 /* SceneDelegate.swift in Sources */ = {isa = PBXBuildFile; fileRef = EC49CD61254F544600AFDCA3 /* SceneDelegate.swift */; };
		EC49CD64254F544600AFDCA3 /* LoginViewController.swift in Sources */ = {isa = PBXBuildFile; fileRef = EC49CD63254F544600AFDCA3 /* LoginViewController.swift */; };
		EC49CD67254F544600AFDCA3 /* Main.storyboard in Resources */ = {isa = PBXBuildFile; fileRef = EC49CD65254F544600AFDCA3 /* Main.storyboard */; };
		EC49CD69254F544700AFDCA3 /* Assets.xcassets in Resources */ = {isa = PBXBuildFile; fileRef = EC49CD68254F544700AFDCA3 /* Assets.xcassets */; };
		EC49CD6C254F544700AFDCA3 /* LaunchScreen.storyboard in Resources */ = {isa = PBXBuildFile; fileRef = EC49CD6A254F544700AFDCA3 /* LaunchScreen.storyboard */; };
		EC52C3682555DCB500A0F724 /* ReviewTableViewController.swift in Sources */ = {isa = PBXBuildFile; fileRef = EC52C3672555DCB500A0F724 /* ReviewTableViewController.swift */; };
		EC9F1C67254F56DE0021F07B /* GoogleService-Info.plist in Resources */ = {isa = PBXBuildFile; fileRef = EC9F1C66254F56DE0021F07B /* GoogleService-Info.plist */; };
		EC9F1C6B254F5CDD0021F07B /* SpotListViewController.swift in Sources */ = {isa = PBXBuildFile; fileRef = EC9F1C6A254F5CDD0021F07B /* SpotListViewController.swift */; };
		EC9F1C6E254F5DED0021F07B /* SpotTableViewCell.swift in Sources */ = {isa = PBXBuildFile; fileRef = EC9F1C6D254F5DED0021F07B /* SpotTableViewCell.swift */; };
		EC9F1C90254F618D0021F07B /* SpotDetailViewController.swift in Sources */ = {isa = PBXBuildFile; fileRef = EC9F1C8F254F618D0021F07B /* SpotDetailViewController.swift */; };
		EC9F1CF1254F6ABD0021F07B /* Spot.swift in Sources */ = {isa = PBXBuildFile; fileRef = EC9F1CF0254F6ABD0021F07B /* Spot.swift */; };
		ECD3C6A0254F83730041C615 /* UIViewController+alert.swift in Sources */ = {isa = PBXBuildFile; fileRef = ECD3C69F254F83730041C615 /* UIViewController+alert.swift */; };
		ECD3C6E1254F87F50041C615 /* Spots.swift in Sources */ = {isa = PBXBuildFile; fileRef = ECD3C6E0254F87F50041C615 /* Spots.swift */; };
		ECD3C79E254F91BD0041C615 /* APIKeys.swift in Sources */ = {isa = PBXBuildFile; fileRef = ECD3C79D254F91BD0041C615 /* APIKeys.swift */; };
/* End PBXBuildFile section */

/* Begin PBXFileReference section */
		2EDDC20A160EC0206184DFD4 /* Pods-Snacktacular.debug.xcconfig */ = {isa = PBXFileReference; includeInIndex = 1; lastKnownFileType = text.xcconfig; name = "Pods-Snacktacular.debug.xcconfig"; path = "Target Support Files/Pods-Snacktacular/Pods-Snacktacular.debug.xcconfig"; sourceTree = "<group>"; };
		5739B9C3D446B853902C07C4 /* Pods_Snacktacular.framework */ = {isa = PBXFileReference; explicitFileType = wrapper.framework; includeInIndex = 0; path = Pods_Snacktacular.framework; sourceTree = BUILT_PRODUCTS_DIR; };
		9534E7F1BF773B4F092F02B2 /* Pods-Snacktacular.release.xcconfig */ = {isa = PBXFileReference; includeInIndex = 1; lastKnownFileType = text.xcconfig; name = "Pods-Snacktacular.release.xcconfig"; path = "Target Support Files/Pods-Snacktacular/Pods-Snacktacular.release.xcconfig"; sourceTree = "<group>"; };
		EC49CD5C254F544600AFDCA3 /* Snacktacular.app */ = {isa = PBXFileReference; explicitFileType = wrapper.application; includeInIndex = 0; path = Snacktacular.app; sourceTree = BUILT_PRODUCTS_DIR; };
		EC49CD5F254F544600AFDCA3 /* AppDelegate.swift */ = {isa = PBXFileReference; lastKnownFileType = sourcecode.swift; path = AppDelegate.swift; sourceTree = "<group>"; };
		EC49CD61254F544600AFDCA3 /* SceneDelegate.swift */ = {isa = PBXFileReference; lastKnownFileType = sourcecode.swift; path = SceneDelegate.swift; sourceTree = "<group>"; };
		EC49CD63254F544600AFDCA3 /* LoginViewController.swift */ = {isa = PBXFileReference; lastKnownFileType = sourcecode.swift; path = LoginViewController.swift; sourceTree = "<group>"; };
		EC49CD66254F544600AFDCA3 /* Base */ = {isa = PBXFileReference; lastKnownFileType = file.storyboard; name = Base; path = Base.lproj/Main.storyboard; sourceTree = "<group>"; };
		EC49CD68254F544700AFDCA3 /* Assets.xcassets */ = {isa = PBXFileReference; lastKnownFileType = folder.assetcatalog; path = Assets.xcassets; sourceTree = "<group>"; };
		EC49CD6B254F544700AFDCA3 /* Base */ = {isa = PBXFileReference; lastKnownFileType = file.storyboard; name = Base; path = Base.lproj/LaunchScreen.storyboard; sourceTree = "<group>"; };
		EC49CD6D254F544700AFDCA3 /* Info.plist */ = {isa = PBXFileReference; lastKnownFileType = text.plist.xml; path = Info.plist; sourceTree = "<group>"; };
		EC52C3672555DCB500A0F724 /* ReviewTableViewController.swift */ = {isa = PBXFileReference; lastKnownFileType = sourcecode.swift; path = ReviewTableViewController.swift; sourceTree = "<group>"; };
		EC9F1C66254F56DE0021F07B /* GoogleService-Info.plist */ = {isa = PBXFileReference; lastKnownFileType = text.plist; path = "GoogleService-Info.plist"; sourceTree = SOURCE_ROOT; };
		EC9F1C6A254F5CDD0021F07B /* SpotListViewController.swift */ = {isa = PBXFileReference; lastKnownFileType = sourcecode.swift; path = SpotListViewController.swift; sourceTree = "<group>"; };
		EC9F1C6D254F5DED0021F07B /* SpotTableViewCell.swift */ = {isa = PBXFileReference; lastKnownFileType = sourcecode.swift; path = SpotTableViewCell.swift; sourceTree = "<group>"; };
		EC9F1C8F254F618D0021F07B /* SpotDetailViewController.swift */ = {isa = PBXFileReference; lastKnownFileType = sourcecode.swift; path = SpotDetailViewController.swift; sourceTree = "<group>"; };
		EC9F1CF0254F6ABD0021F07B /* Spot.swift */ = {isa = PBXFileReference; lastKnownFileType = sourcecode.swift; path = Spot.swift; sourceTree = "<group>"; };
		ECD3C69F254F83730041C615 /* UIViewController+alert.swift */ = {isa = PBXFileReference; fileEncoding = 4; lastKnownFileType = sourcecode.swift; path = "UIViewController+alert.swift"; sourceTree = "<group>"; };
		ECD3C6E0254F87F50041C615 /* Spots.swift */ = {isa = PBXFileReference; lastKnownFileType = sourcecode.swift; path = Spots.swift; sourceTree = "<group>"; };
		ECD3C79D254F91BD0041C615 /* APIKeys.swift */ = {isa = PBXFileReference; lastKnownFileType = sourcecode.swift; path = APIKeys.swift; sourceTree = "<group>"; };
/* End PBXFileReference section */

/* Begin PBXFrameworksBuildPhase section */
		EC49CD59254F544500AFDCA3 /* Frameworks */ = {
			isa = PBXFrameworksBuildPhase;
			buildActionMask = 2147483647;
			files = (
				A6D19254960D1763F61150A3 /* Pods_Snacktacular.framework in Frameworks */,
			);
			runOnlyForDeploymentPostprocessing = 0;
		};
/* End PBXFrameworksBuildPhase section */

/* Begin PBXGroup section */
		58EA258E4BEB5A5A6C2E7755 /* Frameworks */ = {
			isa = PBXGroup;
			children = (
				5739B9C3D446B853902C07C4 /* Pods_Snacktacular.framework */,
			);
			name = Frameworks;
			sourceTree = "<group>";
		};
		AD868DD876A25914A8AE4DCA /* Pods */ = {
			isa = PBXGroup;
			children = (
				2EDDC20A160EC0206184DFD4 /* Pods-Snacktacular.debug.xcconfig */,
				9534E7F1BF773B4F092F02B2 /* Pods-Snacktacular.release.xcconfig */,
			);
			path = Pods;
			sourceTree = "<group>";
		};
		EC49CD53254F544500AFDCA3 = {
			isa = PBXGroup;
			children = (
				EC49CD5E254F544600AFDCA3 /* Snacktacular */,
				EC49CD5D254F544600AFDCA3 /* Products */,
				AD868DD876A25914A8AE4DCA /* Pods */,
				58EA258E4BEB5A5A6C2E7755 /* Frameworks */,
			);
			sourceTree = "<group>";
		};
		EC49CD5D254F544600AFDCA3 /* Products */ = {
			isa = PBXGroup;
			children = (
				EC49CD5C254F544600AFDCA3 /* Snacktacular.app */,
			);
			name = Products;
			sourceTree = "<group>";
		};
		EC49CD5E254F544600AFDCA3 /* Snacktacular */ = {
			isa = PBXGroup;
			children = (
				EC49CD5F254F544600AFDCA3 /* AppDelegate.swift */,
				EC49CD61254F544600AFDCA3 /* SceneDelegate.swift */,
				EC9F1CF0254F6ABD0021F07B /* Spot.swift */,
				ECD3C6E0254F87F50041C615 /* Spots.swift */,
				EC49CD63254F544600AFDCA3 /* LoginViewController.swift */,
				EC9F1C6A254F5CDD0021F07B /* SpotListViewController.swift */,
				EC9F1C6D254F5DED0021F07B /* SpotTableViewCell.swift */,
				EC9F1C8F254F618D0021F07B /* SpotDetailViewController.swift */,
				EC52C3672555DCB500A0F724 /* ReviewTableViewController.swift */,
				ECD3C69F254F83730041C615 /* UIViewController+alert.swift */,
				ECD3C79D254F91BD0041C615 /* APIKeys.swift */,
				EC49CD65254F544600AFDCA3 /* Main.storyboard */,
				EC49CD68254F544700AFDCA3 /* Assets.xcassets */,
				EC49CD6A254F544700AFDCA3 /* LaunchScreen.storyboard */,
				EC49CD6D254F544700AFDCA3 /* Info.plist */,
				EC9F1C66254F56DE0021F07B /* GoogleService-Info.plist */,
			);
			path = Snacktacular;
			sourceTree = "<group>";
		};
/* End PBXGroup section */

/* Begin PBXNativeTarget section */
		EC49CD5B254F544500AFDCA3 /* Snacktacular */ = {
			isa = PBXNativeTarget;
			buildConfigurationList = EC49CD70254F544700AFDCA3 /* Build configuration list for PBXNativeTarget "Snacktacular" */;
			buildPhases = (
				4D608A378BA949BED36EDB85 /* [CP] Check Pods Manifest.lock */,
				EC49CD58254F544500AFDCA3 /* Sources */,
				EC49CD59254F544500AFDCA3 /* Frameworks */,
				EC49CD5A254F544500AFDCA3 /* Resources */,
				086F10B0B3E610813DD88CF3 /* [CP] Embed Pods Frameworks */,
				39A876156E9E2AAE5F92EE20 /* [CP] Copy Pods Resources */,
			);
			buildRules = (
			);
			dependencies = (
			);
			name = Snacktacular;
			productName = Snacktacular;
			productReference = EC49CD5C254F544600AFDCA3 /* Snacktacular.app */;
			productType = "com.apple.product-type.application";
		};
/* End PBXNativeTarget section */

/* Begin PBXProject section */
		EC49CD54254F544500AFDCA3 /* Project object */ = {
			isa = PBXProject;
			attributes = {
				LastSwiftUpdateCheck = 1200;
				LastUpgradeCheck = 1200;
				TargetAttributes = {
					EC49CD5B254F544500AFDCA3 = {
						CreatedOnToolsVersion = 12.0.1;
					};
				};
			};
			buildConfigurationList = EC49CD57254F544500AFDCA3 /* Build configuration list for PBXProject "Snacktacular" */;
			compatibilityVersion = "Xcode 9.3";
			developmentRegion = en;
			hasScannedForEncodings = 0;
			knownRegions = (
				en,
				Base,
			);
			mainGroup = EC49CD53254F544500AFDCA3;
			productRefGroup = EC49CD5D254F544600AFDCA3 /* Products */;
			projectDirPath = "";
			projectRoot = "";
			targets = (
				EC49CD5B254F544500AFDCA3 /* Snacktacular */,
			);
		};
/* End PBXProject section */

/* Begin PBXResourcesBuildPhase section */
		EC49CD5A254F544500AFDCA3 /* Resources */ = {
			isa = PBXResourcesBuildPhase;
			buildActionMask = 2147483647;
			files = (
				EC49CD6C254F544700AFDCA3 /* LaunchScreen.storyboard in Resources */,
				EC9F1C67254F56DE0021F07B /* GoogleService-Info.plist in Resources */,
				EC49CD69254F544700AFDCA3 /* Assets.xcassets in Resources */,
				EC49CD67254F544600AFDCA3 /* Main.storyboard in Resources */,
			);
			runOnlyForDeploymentPostprocessing = 0;
		};
/* End PBXResourcesBuildPhase section */

/* Begin PBXShellScriptBuildPhase section */
		086F10B0B3E610813DD88CF3 /* [CP] Embed Pods Frameworks */ = {
			isa = PBXShellScriptBuildPhase;
			buildActionMask = 2147483647;
			files = (
			);
			inputFileListPaths = (
				"${PODS_ROOT}/Target Support Files/Pods-Snacktacular/Pods-Snacktacular-frameworks-${CONFIGURATION}-input-files.xcfilelist",
			);
			name = "[CP] Embed Pods Frameworks";
			outputFileListPaths = (
				"${PODS_ROOT}/Target Support Files/Pods-Snacktacular/Pods-Snacktacular-frameworks-${CONFIGURATION}-output-files.xcfilelist",
			);
			runOnlyForDeploymentPostprocessing = 0;
			shellPath = /bin/sh;
			shellScript = "\"${PODS_ROOT}/Target Support Files/Pods-Snacktacular/Pods-Snacktacular-frameworks.sh\"\n";
			showEnvVarsInLog = 0;
		};
		39A876156E9E2AAE5F92EE20 /* [CP] Copy Pods Resources */ = {
			isa = PBXShellScriptBuildPhase;
			buildActionMask = 2147483647;
			files = (
			);
			inputFileListPaths = (
				"${PODS_ROOT}/Target Support Files/Pods-Snacktacular/Pods-Snacktacular-resources-${CONFIGURATION}-input-files.xcfilelist",
			);
			name = "[CP] Copy Pods Resources";
			outputFileListPaths = (
				"${PODS_ROOT}/Target Support Files/Pods-Snacktacular/Pods-Snacktacular-resources-${CONFIGURATION}-output-files.xcfilelist",
			);
			runOnlyForDeploymentPostprocessing = 0;
			shellPath = /bin/sh;
			shellScript = "\"${PODS_ROOT}/Target Support Files/Pods-Snacktacular/Pods-Snacktacular-resources.sh\"\n";
			showEnvVarsInLog = 0;
		};
		4D608A378BA949BED36EDB85 /* [CP] Check Pods Manifest.lock */ = {
			isa = PBXShellScriptBuildPhase;
			buildActionMask = 2147483647;
			files = (
			);
			inputFileListPaths = (
			);
			inputPaths = (
				"${PODS_PODFILE_DIR_PATH}/Podfile.lock",
				"${PODS_ROOT}/Manifest.lock",
			);
			name = "[CP] Check Pods Manifest.lock";
			outputFileListPaths = (
			);
			outputPaths = (
				"$(DERIVED_FILE_DIR)/Pods-Snacktacular-checkManifestLockResult.txt",
			);
			runOnlyForDeploymentPostprocessing = 0;
			shellPath = /bin/sh;
			shellScript = "diff \"${PODS_PODFILE_DIR_PATH}/Podfile.lock\" \"${PODS_ROOT}/Manifest.lock\" > /dev/null\nif [ $? != 0 ] ; then\n    # print error to STDERR\n    echo \"error: The sandbox is not in sync with the Podfile.lock. Run 'pod install' or update your CocoaPods installation.\" >&2\n    exit 1\nfi\n# This output is used by Xcode 'outputs' to avoid re-running this script phase.\necho \"SUCCESS\" > \"${SCRIPT_OUTPUT_FILE_0}\"\n";
			showEnvVarsInLog = 0;
		};
/* End PBXShellScriptBuildPhase section */

/* Begin PBXSourcesBuildPhase section */
		EC49CD58254F544500AFDCA3 /* Sources */ = {
			isa = PBXSourcesBuildPhase;
			buildActionMask = 2147483647;
			files = (
				EC9F1C6B254F5CDD0021F07B /* SpotListViewController.swift in Sources */,
				EC49CD64254F544600AFDCA3 /* LoginViewController.swift in Sources */,
				EC49CD60254F544600AFDCA3 /* AppDelegate.swift in Sources */,
				EC9F1C90254F618D0021F07B /* SpotDetailViewController.swift in Sources */,
				EC52C3682555DCB500A0F724 /* ReviewTableViewController.swift in Sources */,
				ECD3C6E1254F87F50041C615 /* Spots.swift in Sources */,
				EC9F1C6E254F5DED0021F07B /* SpotTableViewCell.swift in Sources */,
				ECD3C79E254F91BD0041C615 /* APIKeys.swift in Sources */,
				EC9F1CF1254F6ABD0021F07B /* Spot.swift in Sources */,
				EC49CD62254F544600AFDCA3 /* SceneDelegate.swift in Sources */,
				ECD3C6A0254F83730041C615 /* UIViewController+alert.swift in Sources */,
			);
			runOnlyForDeploymentPostprocessing = 0;
		};
/* End PBXSourcesBuildPhase section */

/* Begin PBXVariantGroup section */
		EC49CD65254F544600AFDCA3 /* Main.storyboard */ = {
			isa = PBXVariantGroup;
			children = (
				EC49CD66254F544600AFDCA3 /* Base */,
			);
			name = Main.storyboard;
			sourceTree = "<group>";
		};
		EC49CD6A254F544700AFDCA3 /* LaunchScreen.storyboard */ = {
			isa = PBXVariantGroup;
			children = (
				EC49CD6B254F544700AFDCA3 /* Base */,
			);
			name = LaunchScreen.storyboard;
			sourceTree = "<group>";
		};
/* End PBXVariantGroup section */

/* Begin XCBuildConfiguration section */
		EC49CD6E254F544700AFDCA3 /* Debug */ = {
			isa = XCBuildConfiguration;
			buildSettings = {
				ALWAYS_SEARCH_USER_PATHS = NO;
				CLANG_ANALYZER_NONNULL = YES;
				CLANG_ANALYZER_NUMBER_OBJECT_CONVERSION = YES_AGGRESSIVE;
				CLANG_CXX_LANGUAGE_STANDARD = "gnu++14";
				CLANG_CXX_LIBRARY = "libc++";
				CLANG_ENABLE_MODULES = YES;
				CLANG_ENABLE_OBJC_ARC = YES;
				CLANG_ENABLE_OBJC_WEAK = YES;
				CLANG_WARN_BLOCK_CAPTURE_AUTORELEASING = YES;
				CLANG_WARN_BOOL_CONVERSION = YES;
				CLANG_WARN_COMMA = YES;
				CLANG_WARN_CONSTANT_CONVERSION = YES;
				CLANG_WARN_DEPRECATED_OBJC_IMPLEMENTATIONS = YES;
				CLANG_WARN_DIRECT_OBJC_ISA_USAGE = YES_ERROR;
				CLANG_WARN_DOCUMENTATION_COMMENTS = YES;
				CLANG_WARN_EMPTY_BODY = YES;
				CLANG_WARN_ENUM_CONVERSION = YES;
				CLANG_WARN_INFINITE_RECURSION = YES;
				CLANG_WARN_INT_CONVERSION = YES;
				CLANG_WARN_NON_LITERAL_NULL_CONVERSION = YES;
				CLANG_WARN_OBJC_IMPLICIT_RETAIN_SELF = YES;
				CLANG_WARN_OBJC_LITERAL_CONVERSION = YES;
				CLANG_WARN_OBJC_ROOT_CLASS = YES_ERROR;
				CLANG_WARN_QUOTED_INCLUDE_IN_FRAMEWORK_HEADER = YES;
				CLANG_WARN_RANGE_LOOP_ANALYSIS = YES;
				CLANG_WARN_STRICT_PROTOTYPES = YES;
				CLANG_WARN_SUSPICIOUS_MOVE = YES;
				CLANG_WARN_UNGUARDED_AVAILABILITY = YES_AGGRESSIVE;
				CLANG_WARN_UNREACHABLE_CODE = YES;
				CLANG_WARN__DUPLICATE_METHOD_MATCH = YES;
				COPY_PHASE_STRIP = NO;
				DEBUG_INFORMATION_FORMAT = dwarf;
				ENABLE_STRICT_OBJC_MSGSEND = YES;
				ENABLE_TESTABILITY = YES;
				GCC_C_LANGUAGE_STANDARD = gnu11;
				GCC_DYNAMIC_NO_PIC = NO;
				GCC_NO_COMMON_BLOCKS = YES;
				GCC_OPTIMIZATION_LEVEL = 0;
				GCC_PREPROCESSOR_DEFINITIONS = (
					"DEBUG=1",
					"$(inherited)",
				);
				GCC_WARN_64_TO_32_BIT_CONVERSION = YES;
				GCC_WARN_ABOUT_RETURN_TYPE = YES_ERROR;
				GCC_WARN_UNDECLARED_SELECTOR = YES;
				GCC_WARN_UNINITIALIZED_AUTOS = YES_AGGRESSIVE;
				GCC_WARN_UNUSED_FUNCTION = YES;
				GCC_WARN_UNUSED_VARIABLE = YES;
				IPHONEOS_DEPLOYMENT_TARGET = 14.0;
				MTL_ENABLE_DEBUG_INFO = INCLUDE_SOURCE;
				MTL_FAST_MATH = YES;
				ONLY_ACTIVE_ARCH = YES;
				SDKROOT = iphoneos;
				SWIFT_ACTIVE_COMPILATION_CONDITIONS = DEBUG;
				SWIFT_OPTIMIZATION_LEVEL = "-Onone";
			};
			name = Debug;
		};
		EC49CD6F254F544700AFDCA3 /* Release */ = {
			isa = XCBuildConfiguration;
			buildSettings = {
				ALWAYS_SEARCH_USER_PATHS = NO;
				CLANG_ANALYZER_NONNULL = YES;
				CLANG_ANALYZER_NUMBER_OBJECT_CONVERSION = YES_AGGRESSIVE;
				CLANG_CXX_LANGUAGE_STANDARD = "gnu++14";
				CLANG_CXX_LIBRARY = "libc++";
				CLANG_ENABLE_MODULES = YES;
				CLANG_ENABLE_OBJC_ARC = YES;
				CLANG_ENABLE_OBJC_WEAK = YES;
				CLANG_WARN_BLOCK_CAPTURE_AUTORELEASING = YES;
				CLANG_WARN_BOOL_CONVERSION = YES;
				CLANG_WARN_COMMA = YES;
				CLANG_WARN_CONSTANT_CONVERSION = YES;
				CLANG_WARN_DEPRECATED_OBJC_IMPLEMENTATIONS = YES;
				CLANG_WARN_DIRECT_OBJC_ISA_USAGE = YES_ERROR;
				CLANG_WARN_DOCUMENTATION_COMMENTS = YES;
				CLANG_WARN_EMPTY_BODY = YES;
				CLANG_WARN_ENUM_CONVERSION = YES;
				CLANG_WARN_INFINITE_RECURSION = YES;
				CLANG_WARN_INT_CONVERSION = YES;
				CLANG_WARN_NON_LITERAL_NULL_CONVERSION = YES;
				CLANG_WARN_OBJC_IMPLICIT_RETAIN_SELF = YES;
				CLANG_WARN_OBJC_LITERAL_CONVERSION = YES;
				CLANG_WARN_OBJC_ROOT_CLASS = YES_ERROR;
				CLANG_WARN_QUOTED_INCLUDE_IN_FRAMEWORK_HEADER = YES;
				CLANG_WARN_RANGE_LOOP_ANALYSIS = YES;
				CLANG_WARN_STRICT_PROTOTYPES = YES;
				CLANG_WARN_SUSPICIOUS_MOVE = YES;
				CLANG_WARN_UNGUARDED_AVAILABILITY = YES_AGGRESSIVE;
				CLANG_WARN_UNREACHABLE_CODE = YES;
				CLANG_WARN__DUPLICATE_METHOD_MATCH = YES;
				COPY_PHASE_STRIP = NO;
				DEBUG_INFORMATION_FORMAT = "dwarf-with-dsym";
				ENABLE_NS_ASSERTIONS = NO;
				ENABLE_STRICT_OBJC_MSGSEND = YES;
				GCC_C_LANGUAGE_STANDARD = gnu11;
				GCC_NO_COMMON_BLOCKS = YES;
				GCC_WARN_64_TO_32_BIT_CONVERSION = YES;
				GCC_WARN_ABOUT_RETURN_TYPE = YES_ERROR;
				GCC_WARN_UNDECLARED_SELECTOR = YES;
				GCC_WARN_UNINITIALIZED_AUTOS = YES_AGGRESSIVE;
				GCC_WARN_UNUSED_FUNCTION = YES;
				GCC_WARN_UNUSED_VARIABLE = YES;
				IPHONEOS_DEPLOYMENT_TARGET = 14.0;
				MTL_ENABLE_DEBUG_INFO = NO;
				MTL_FAST_MATH = YES;
				SDKROOT = iphoneos;
				SWIFT_COMPILATION_MODE = wholemodule;
				SWIFT_OPTIMIZATION_LEVEL = "-O";
				VALIDATE_PRODUCT = YES;
			};
			name = Release;
		};
		EC49CD71254F544700AFDCA3 /* Debug */ = {
			isa = XCBuildConfiguration;
			baseConfigurationReference = 2EDDC20A160EC0206184DFD4 /* Pods-Snacktacular.debug.xcconfig */;
			buildSettings = {
				ASSETCATALOG_COMPILER_APPICON_NAME = AppIcon;
				ASSETCATALOG_COMPILER_GLOBAL_ACCENT_COLOR_NAME = AccentColor;
				CODE_SIGN_STYLE = Automatic;
				DEVELOPMENT_TEAM = 75JHS4728D;
				INFOPLIST_FILE = Snacktacular/Info.plist;
				LD_RUNPATH_SEARCH_PATHS = (
					"$(inherited)",
					"@executable_path/Frameworks",
				);
				PRODUCT_BUNDLE_IDENTIFIER = YoungHur.Snacktacular;
				PRODUCT_NAME = "$(TARGET_NAME)";
				SWIFT_VERSION = 5.0;
				TARGETED_DEVICE_FAMILY = "1,2";
			};
			name = Debug;
		};
		EC49CD72254F544700AFDCA3 /* Release */ = {
			isa = XCBuildConfiguration;
			baseConfigurationReference = 9534E7F1BF773B4F092F02B2 /* Pods-Snacktacular.release.xcconfig */;
			buildSettings = {
				ASSETCATALOG_COMPILER_APPICON_NAME = AppIcon;
				ASSETCATALOG_COMPILER_GLOBAL_ACCENT_COLOR_NAME = AccentColor;
				CODE_SIGN_STYLE = Automatic;
				DEVELOPMENT_TEAM = 75JHS4728D;
				INFOPLIST_FILE = Snacktacular/Info.plist;
				LD_RUNPATH_SEARCH_PATHS = (
					"$(inherited)",
					"@executable_path/Frameworks",
				);
				PRODUCT_BUNDLE_IDENTIFIER = YoungHur.Snacktacular;
				PRODUCT_NAME = "$(TARGET_NAME)";
				SWIFT_VERSION = 5.0;
				TARGETED_DEVICE_FAMILY = "1,2";
			};
			name = Release;
		};
/* End XCBuildConfiguration section */

/* Begin XCConfigurationList section */
		EC49CD57254F544500AFDCA3 /* Build configuration list for PBXProject "Snacktacular" */ = {
			isa = XCConfigurationList;
			buildConfigurations = (
				EC49CD6E254F544700AFDCA3 /* Debug */,
				EC49CD6F254F544700AFDCA3 /* Release */,
			);
			defaultConfigurationIsVisible = 0;
			defaultConfigurationName = Release;
		};
		EC49CD70254F544700AFDCA3 /* Build configuration list for PBXNativeTarget "Snacktacular" */ = {
			isa = XCConfigurationList;
			buildConfigurations = (
				EC49CD71254F544700AFDCA3 /* Debug */,
				EC49CD72254F544700AFDCA3 /* Release */,
			);
			defaultConfigurationIsVisible = 0;
			defaultConfigurationName = Release;
		};
/* End XCConfigurationList section */
	};
	rootObject = EC49CD54254F544500AFDCA3 /* Project object */;
}
